
Microsoft Visual Studio Solution File, Format Version 12.00
# Visual Studio Version 16
VisualStudioVersion = 16.0.33927.289
MinimumVisualStudioVersion = 10.0.40219.1
Project("{FAE04EC0-301F-11D3-BF4B-00C04F79EFBC}") = "Eauth-CS-Winform", "Eauth-CS-Winform.csproj", "{1223BCCD-52A6-4951-9B13-8E16B66586A0}"
EndProject
Global
	GlobalSection(SolutionConfigurationPlatforms) = preSolution
		Debug|Any CPU = Debug|Any CPU
		Release|Any CPU = Release|Any CPU
	EndGlobalSection
	GlobalSection(ProjectConfigurationPlatforms) = postSolution
		{1223BCCD-52A6-4951-9B13-8E16B66586A0}.Debug|Any CPU.ActiveCfg = Debug|Any CPU
		{1223BCCD-52A6-4951-9B13-8E16B66586A0}.Debug|Any CPU.Build.0 = Debug|Any CPU
		{1223BCCD-52A6-4951-9B13-8E16B66586A0}.Release|Any CPU.ActiveCfg = Release|Any CPU
		{1223BCCD-52A6-4951-9B13-8E16B66586A0}.Release|Any CPU.Build.0 = Release|Any CPU
	EndGlobalSection
	GlobalSection(SolutionProperties) = preSolution
		HideSolutionNode = FALSE
	EndGlobalSection
	GlobalSection(ExtensibilityGlobals) = postSolution
		SolutionGuid = {616D89FC-BFD4-4616-9536-858E1CD26F24}
	EndGlobalSection
EndGlobal
